
Microsoft Visual Studio Solution File, Format Version 12.00
# Visual Studio Version 17
VisualStudioVersion = 17.0.31903.59
MinimumVisualStudioVersion = 10.0.40219.1
Project("{FAE04EC0-301F-11D3-BF4B-00C04F79EFBC}") = "amos_test", "amos_test\amos_test.csproj", "{CF0BFA63-DC09-45F9-ABB9-09D5A2768BCC}"
EndProject
Global
	GlobalSection(SolutionConfigurationPlatforms) = preSolution
		Debug|Any CPU = Debug|Any CPU
		Release|Any CPU = Release|Any CPU
	EndGlobalSection
	GlobalSection(SolutionProperties) = preSolution
		HideSolutionNode = FALSE
	EndGlobalSection
	GlobalSection(ProjectConfigurationPlatforms) = postSolution
		{CF0BFA63-DC09-45F9-ABB9-09D5A2768BCC}.Debug|Any CPU.ActiveCfg = Debug|Any CPU
		{CF0BFA63-DC09-45F9-ABB9-09D5A2768BCC}.Debug|Any CPU.Build.0 = Debug|Any CPU
		{CF0BFA63-DC09-45F9-ABB9-09D5A2768BCC}.Release|Any CPU.ActiveCfg = Release|Any CPU
		{CF0BFA63-DC09-45F9-ABB9-09D5A2768BCC}.Release|Any CPU.Build.0 = Release|Any CPU
	EndGlobalSection
EndGlobal
